// !$*UTF8*$!
{
	archiveVersion = 1;
	classes = {
	};
	objectVersion = 55;
	objects = {

/* Begin PBXBuildFile section */
		619E7A192A5693E6000DD469 /* ScrumdingerApp.swift in Sources */ = {isa = PBXBuildFile; fileRef = 619E7A182A5693E6000DD469 /* ScrumdingerApp.swift */; };
		619E7A1B2A5693E6000DD469 /* MeetingView.swift in Sources */ = {isa = PBXBuildFile; fileRef = 619E7A1A2A5693E6000DD469 /* MeetingView.swift */; };
		619E7A202A5693ED000DD469 /* Preview Assets.xcassets in Resources */ = {isa = PBXBuildFile; fileRef = 619E7A1F2A5693ED000DD469 /* Preview Assets.xcassets */; };
		619E7A2A2A5693EE000DD469 /* ScrumdingerTests.swift in Sources */ = {isa = PBXBuildFile; fileRef = 619E7A292A5693EE000DD469 /* ScrumdingerTests.swift */; };
		619E7A342A5693EE000DD469 /* ScrumdingerUITests.swift in Sources */ = {isa = PBXBuildFile; fileRef = 619E7A332A5693EE000DD469 /* ScrumdingerUITests.swift */; };
		619E7A362A5693EE000DD469 /* ScrumdingerUITestsLaunchTests.swift in Sources */ = {isa = PBXBuildFile; fileRef = 619E7A352A5693EE000DD469 /* ScrumdingerUITestsLaunchTests.swift */; };
		619E7A442A56C1EC000DD469 /* Theme.swift in Sources */ = {isa = PBXBuildFile; fileRef = 619E7A432A56C1EC000DD469 /* Theme.swift */; };
		619E7A462A56C459000DD469 /* DailyScrum.swift in Sources */ = {isa = PBXBuildFile; fileRef = 619E7A452A56C459000DD469 /* DailyScrum.swift */; };
		619E7A482A56C772000DD469 /* CardView.swift in Sources */ = {isa = PBXBuildFile; fileRef = 619E7A472A56C772000DD469 /* CardView.swift */; };
		619E7A4A2A56D04A000DD469 /* TrailingIconLabelStyle.swift in Sources */ = {isa = PBXBuildFile; fileRef = 619E7A492A56D04A000DD469 /* TrailingIconLabelStyle.swift */; };
		619E7A4C2A56DD93000DD469 /* ScrumsView.swift in Sources */ = {isa = PBXBuildFile; fileRef = 619E7A4B2A56DD93000DD469 /* ScrumsView.swift */; };
		61B3146C2A582E9D00AA345E /* DetailView.swift in Sources */ = {isa = PBXBuildFile; fileRef = 61B3146B2A582E9D00AA345E /* DetailView.swift */; };
		61B3146E2A584C7100AA345E /* Assets.xcassets in Resources */ = {isa = PBXBuildFile; fileRef = 61B3146D2A584C7100AA345E /* Assets.xcassets */; };
/* End PBXBuildFile section */

/* Begin PBXContainerItemProxy section */
		619E7A262A5693EE000DD469 /* PBXContainerItemProxy */ = {
			isa = PBXContainerItemProxy;
			containerPortal = 619E7A0D2A5693E6000DD469 /* Project object */;
			proxyType = 1;
			remoteGlobalIDString = 619E7A142A5693E6000DD469;
			remoteInfo = Scrumdinger;
		};
		619E7A302A5693EE000DD469 /* PBXContainerItemProxy */ = {
			isa = PBXContainerItemProxy;
			containerPortal = 619E7A0D2A5693E6000DD469 /* Project object */;
			proxyType = 1;
			remoteGlobalIDString = 619E7A142A5693E6000DD469;
			remoteInfo = Scrumdinger;
		};
/* End PBXContainerItemProxy section */

/* Begin PBXFileReference section */
		619E7A152A5693E6000DD469 /* Scrumdinger.app */ = {isa = PBXFileReference; explicitFileType = wrapper.application; includeInIndex = 0; path = Scrumdinger.app; sourceTree = BUILT_PRODUCTS_DIR; };
		619E7A182A5693E6000DD469 /* ScrumdingerApp.swift */ = {isa = PBXFileReference; lastKnownFileType = sourcecode.swift; path = ScrumdingerApp.swift; sourceTree = "<group>"; };
		619E7A1A2A5693E6000DD469 /* MeetingView.swift */ = {isa = PBXFileReference; lastKnownFileType = sourcecode.swift; path = MeetingView.swift; sourceTree = "<group>"; };
		619E7A1F2A5693ED000DD469 /* Preview Assets.xcassets */ = {isa = PBXFileReference; lastKnownFileType = folder.assetcatalog; path = "Preview Assets.xcassets"; sourceTree = "<group>"; };
		619E7A252A5693EE000DD469 /* ScrumdingerTests.xctest */ = {isa = PBXFileReference; explicitFileType = wrapper.cfbundle; includeInIndex = 0; path = ScrumdingerTests.xctest; sourceTree = BUILT_PRODUCTS_DIR; };
		619E7A292A5693EE000DD469 /* ScrumdingerTests.swift */ = {isa = PBXFileReference; lastKnownFileType = sourcecode.swift; path = ScrumdingerTests.swift; sourceTree = "<group>"; };
		619E7A2F2A5693EE000DD469 /* ScrumdingerUITests.xctest */ = {isa = PBXFileReference; explicitFileType = wrapper.cfbundle; includeInIndex = 0; path = ScrumdingerUITests.xctest; sourceTree = BUILT_PRODUCTS_DIR; };
		619E7A332A5693EE000DD469 /* ScrumdingerUITests.swift */ = {isa = PBXFileReference; lastKnownFileType = sourcecode.swift; path = ScrumdingerUITests.swift; sourceTree = "<group>"; };
		619E7A352A5693EE000DD469 /* ScrumdingerUITestsLaunchTests.swift */ = {isa = PBXFileReference; lastKnownFileType = sourcecode.swift; path = ScrumdingerUITestsLaunchTests.swift; sourceTree = "<group>"; };
		619E7A432A56C1EC000DD469 /* Theme.swift */ = {isa = PBXFileReference; lastKnownFileType = sourcecode.swift; path = Theme.swift; sourceTree = "<group>"; };
		619E7A452A56C459000DD469 /* DailyScrum.swift */ = {isa = PBXFileReference; lastKnownFileType = sourcecode.swift; path = DailyScrum.swift; sourceTree = "<group>"; };
		619E7A472A56C772000DD469 /* CardView.swift */ = {isa = PBXFileReference; lastKnownFileType = sourcecode.swift; path = CardView.swift; sourceTree = "<group>"; };
		619E7A492A56D04A000DD469 /* TrailingIconLabelStyle.swift */ = {isa = PBXFileReference; lastKnownFileType = sourcecode.swift; path = TrailingIconLabelStyle.swift; sourceTree = "<group>"; };
		619E7A4B2A56DD93000DD469 /* ScrumsView.swift */ = {isa = PBXFileReference; lastKnownFileType = sourcecode.swift; path = ScrumsView.swift; sourceTree = "<group>"; };
		61B3146B2A582E9D00AA345E /* DetailView.swift */ = {isa = PBXFileReference; lastKnownFileType = sourcecode.swift; path = DetailView.swift; sourceTree = "<group>"; };
		61B3146D2A584C7100AA345E /* Assets.xcassets */ = {isa = PBXFileReference; lastKnownFileType = folder.assetcatalog; name = Assets.xcassets; path = ../../../Downloads/PersistingData/StartingProject/Scrumdinger/Assets.xcassets; sourceTree = "<group>"; };
/* End PBXFileReference section */

/* Begin PBXFrameworksBuildPhase section */
		619E7A122A5693E6000DD469 /* Frameworks */ = {
			isa = PBXFrameworksBuildPhase;
			buildActionMask = 2147483647;
			files = (
			);
			runOnlyForDeploymentPostprocessing = 0;
		};
		619E7A222A5693EE000DD469 /* Frameworks */ = {
			isa = PBXFrameworksBuildPhase;
			buildActionMask = 2147483647;
			files = (
			);
			runOnlyForDeploymentPostprocessing = 0;
		};
		619E7A2C2A5693EE000DD469 /* Frameworks */ = {
			isa = PBXFrameworksBuildPhase;
			buildActionMask = 2147483647;
			files = (
			);
			runOnlyForDeploymentPostprocessing = 0;
		};
/* End PBXFrameworksBuildPhase section */

/* Begin PBXGroup section */
		619E7A0C2A5693E6000DD469 = {
			isa = PBXGroup;
			children = (
				619E7A172A5693E6000DD469 /* Scrumdinger */,
				619E7A282A5693EE000DD469 /* ScrumdingerTests */,
				619E7A322A5693EE000DD469 /* ScrumdingerUITests */,
				619E7A162A5693E6000DD469 /* Products */,
			);
			sourceTree = "<group>";
		};
		619E7A162A5693E6000DD469 /* Products */ = {
			isa = PBXGroup;
			children = (
				619E7A152A5693E6000DD469 /* Scrumdinger.app */,
				619E7A252A5693EE000DD469 /* ScrumdingerTests.xctest */,
				619E7A2F2A5693EE000DD469 /* ScrumdingerUITests.xctest */,
			);
			name = Products;
			sourceTree = "<group>";
		};
		619E7A172A5693E6000DD469 /* Scrumdinger */ = {
			isa = PBXGroup;
			children = (
				61B3146D2A584C7100AA345E /* Assets.xcassets */,
				619E7A422A56C1A0000DD469 /* Models */,
				619E7A182A5693E6000DD469 /* ScrumdingerApp.swift */,
				619E7A1A2A5693E6000DD469 /* MeetingView.swift */,
				619E7A1E2A5693ED000DD469 /* Preview Content */,
				619E7A472A56C772000DD469 /* CardView.swift */,
				619E7A4B2A56DD93000DD469 /* ScrumsView.swift */,
				61B3146B2A582E9D00AA345E /* DetailView.swift */,
			);
			path = Scrumdinger;
			sourceTree = "<group>";
		};
		619E7A1E2A5693ED000DD469 /* Preview Content */ = {
			isa = PBXGroup;
			children = (
				619E7A1F2A5693ED000DD469 /* Preview Assets.xcassets */,
			);
			path = "Preview Content";
			sourceTree = "<group>";
		};
		619E7A282A5693EE000DD469 /* ScrumdingerTests */ = {
			isa = PBXGroup;
			children = (
				619E7A292A5693EE000DD469 /* ScrumdingerTests.swift */,
			);
			path = ScrumdingerTests;
			sourceTree = "<group>";
		};
		619E7A322A5693EE000DD469 /* ScrumdingerUITests */ = {
			isa = PBXGroup;
			children = (
				619E7A332A5693EE000DD469 /* ScrumdingerUITests.swift */,
				619E7A352A5693EE000DD469 /* ScrumdingerUITestsLaunchTests.swift */,
			);
			path = ScrumdingerUITests;
			sourceTree = "<group>";
		};
		619E7A422A56C1A0000DD469 /* Models */ = {
			isa = PBXGroup;
			children = (
				619E7A432A56C1EC000DD469 /* Theme.swift */,
				619E7A452A56C459000DD469 /* DailyScrum.swift */,
				619E7A492A56D04A000DD469 /* TrailingIconLabelStyle.swift */,
			);
			path = Models;
			sourceTree = "<group>";
		};
/* End PBXGroup section */

/* Begin PBXNativeTarget section */
		619E7A142A5693E6000DD469 /* Scrumdinger */ = {
			isa = PBXNativeTarget;
			buildConfigurationList = 619E7A392A5693EE000DD469 /* Build configuration list for PBXNativeTarget "Scrumdinger" */;
			buildPhases = (
				619E7A112A5693E6000DD469 /* Sources */,
				619E7A122A5693E6000DD469 /* Frameworks */,
				619E7A132A5693E6000DD469 /* Resources */,
			);
			buildRules = (
			);
			dependencies = (
			);
			name = Scrumdinger;
			productName = Scrumdinger;
			productReference = 619E7A152A5693E6000DD469 /* Scrumdinger.app */;
			productType = "com.apple.product-type.application";
		};
		619E7A242A5693EE000DD469 /* ScrumdingerTests */ = {
			isa = PBXNativeTarget;
			buildConfigurationList = 619E7A3C2A5693EE000DD469 /* Build configuration list for PBXNativeTarget "ScrumdingerTests" */;
			buildPhases = (
				619E7A212A5693EE000DD469 /* Sources */,
				619E7A222A5693EE000DD469 /* Frameworks */,
				619E7A232A5693EE000DD469 /* Resources */,
			);
			buildRules = (
			);
			dependencies = (
				619E7A272A5693EE000DD469 /* PBXTargetDependency */,
			);
			name = ScrumdingerTests;
			productName = ScrumdingerTests;
			productReference = 619E7A252A5693EE000DD469 /* ScrumdingerTests.xctest */;
			productType = "com.apple.product-type.bundle.unit-test";
		};
		619E7A2E2A5693EE000DD469 /* ScrumdingerUITests */ = {
			isa = PBXNativeTarget;
			buildConfigurationList = 619E7A3F2A5693EE000DD469 /* Build configuration list for PBXNativeTarget "ScrumdingerUITests" */;
			buildPhases = (
				619E7A2B2A5693EE000DD469 /* Sources */,
				619E7A2C2A5693EE000DD469 /* Frameworks */,
				619E7A2D2A5693EE000DD469 /* Resources */,
			);
			buildRules = (
			);
			dependencies = (
				619E7A312A5693EE000DD469 /* PBXTargetDependency */,
			);
			name = ScrumdingerUITests;
			productName = ScrumdingerUITests;
			productReference = 619E7A2F2A5693EE000DD469 /* ScrumdingerUITests.xctest */;
			productType = "com.apple.product-type.bundle.ui-testing";
		};
/* End PBXNativeTarget section */

/* Begin PBXProject section */
		619E7A0D2A5693E6000DD469 /* Project object */ = {
			isa = PBXProject;
			attributes = {
				BuildIndependentTargetsInParallel = 1;
				LastSwiftUpdateCheck = 1340;
				LastUpgradeCheck = 1340;
				TargetAttributes = {
					619E7A142A5693E6000DD469 = {
						CreatedOnToolsVersion = 13.4.1;
					};
					619E7A242A5693EE000DD469 = {
						CreatedOnToolsVersion = 13.4.1;
						TestTargetID = 619E7A142A5693E6000DD469;
					};
					619E7A2E2A5693EE000DD469 = {
						CreatedOnToolsVersion = 13.4.1;
						TestTargetID = 619E7A142A5693E6000DD469;
					};
				};
			};
			buildConfigurationList = 619E7A102A5693E6000DD469 /* Build configuration list for PBXProject "Scrumdinger" */;
			compatibilityVersion = "Xcode 13.0";
			developmentRegion = en;
			hasScannedForEncodings = 0;
			knownRegions = (
				en,
				Base,
			);
			mainGroup = 619E7A0C2A5693E6000DD469;
			productRefGroup = 619E7A162A5693E6000DD469 /* Products */;
			projectDirPath = "";
			projectRoot = "";
			targets = (
				619E7A142A5693E6000DD469 /* Scrumdinger */,
				619E7A242A5693EE000DD469 /* ScrumdingerTests */,
				619E7A2E2A5693EE000DD469 /* ScrumdingerUITests */,
			);
		};
/* End PBXProject section */

/* Begin PBXResourcesBuildPhase section */
		619E7A132A5693E6000DD469 /* Resources */ = {
			isa = PBXResourcesBuildPhase;
			buildActionMask = 2147483647;
			files = (
				61B3146E2A584C7100AA345E /* Assets.xcassets in Resources */,
				619E7A202A5693ED000DD469 /* Preview Assets.xcassets in Resources */,
			);
			runOnlyForDeploymentPostprocessing = 0;
		};
		619E7A232A5693EE000DD469 /* Resources */ = {
			isa = PBXResourcesBuildPhase;
			buildActionMask = 2147483647;
			files = (
			);
			runOnlyForDeploymentPostprocessing = 0;
		};
		619E7A2D2A5693EE000DD469 /* Resources */ = {
			isa = PBXResourcesBuildPhase;
			buildActionMask = 2147483647;
			files = (
			);
			runOnlyForDeploymentPostprocessing = 0;
		};
/* End PBXResourcesBuildPhase section */

/* Begin PBXSourcesBuildPhase section */
		619E7A112A5693E6000DD469 /* Sources */ = {
			isa = PBXSourcesBuildPhase;
			buildActionMask = 2147483647;
			files = (
				619E7A462A56C459000DD469 /* DailyScrum.swift in Sources */,
				61B3146C2A582E9D00AA345E /* DetailView.swift in Sources */,
				619E7A4A2A56D04A000DD469 /* TrailingIconLabelStyle.swift in Sources */,
				619E7A442A56C1EC000DD469 /* Theme.swift in Sources */,
				619E7A4C2A56DD93000DD469 /* ScrumsView.swift in Sources */,
				619E7A1B2A5693E6000DD469 /* MeetingView.swift in Sources */,
				619E7A192A5693E6000DD469 /* ScrumdingerApp.swift in Sources */,
				619E7A482A56C772000DD469 /* CardView.swift in Sources */,
			);
			runOnlyForDeploymentPostprocessing = 0;
		};
		619E7A212A5693EE000DD469 /* Sources */ = {
			isa = PBXSourcesBuildPhase;
			buildActionMask = 2147483647;
			files = (
				619E7A2A2A5693EE000DD469 /* ScrumdingerTests.swift in Sources */,
			);
			runOnlyForDeploymentPostprocessing = 0;
		};
		619E7A2B2A5693EE000DD469 /* Sources */ = {
			isa = PBXSourcesBuildPhase;
			buildActionMask = 2147483647;
			files = (
				619E7A362A5693EE000DD469 /* ScrumdingerUITestsLaunchTests.swift in Sources */,
				619E7A342A5693EE000DD469 /* ScrumdingerUITests.swift in Sources */,
			);
			runOnlyForDeploymentPostprocessing = 0;
		};
/* End PBXSourcesBuildPhase section */

/* Begin PBXTargetDependency section */
		619E7A272A5693EE000DD469 /* PBXTargetDependency */ = {
			isa = PBXTargetDependency;
			target = 619E7A142A5693E6000DD469 /* Scrumdinger */;
			targetProxy = 619E7A262A5693EE000DD469 /* PBXContainerItemProxy */;
		};
		619E7A312A5693EE000DD469 /* PBXTargetDependency */ = {
			isa = PBXTargetDependency;
			target = 619E7A142A5693E6000DD469 /* Scrumdinger */;
			targetProxy = 619E7A302A5693EE000DD469 /* PBXContainerItemProxy */;
		};
/* End PBXTargetDependency section */

/* Begin XCBuildConfiguration section */
		619E7A372A5693EE000DD469 /* Debug */ = {
			isa = XCBuildConfiguration;
			buildSettings = {
				ALWAYS_SEARCH_USER_PATHS = NO;
				CLANG_ANALYZER_NONNULL = YES;
				CLANG_ANALYZER_NUMBER_OBJECT_CONVERSION = YES_AGGRESSIVE;
				CLANG_CXX_LANGUAGE_STANDARD = "gnu++17";
				CLANG_ENABLE_MODULES = YES;
				CLANG_ENABLE_OBJC_ARC = YES;
				CLANG_ENABLE_OBJC_WEAK = YES;
				CLANG_WARN_BLOCK_CAPTURE_AUTORELEASING = YES;
				CLANG_WARN_BOOL_CONVERSION = YES;
				CLANG_WARN_COMMA = YES;
				CLANG_WARN_CONSTANT_CONVERSION = YES;
				CLANG_WARN_DEPRECATED_OBJC_IMPLEMENTATIONS = YES;
				CLANG_WARN_DIRECT_OBJC_ISA_USAGE = YES_ERROR;
				CLANG_WARN_DOCUMENTATION_COMMENTS = YES;
				CLANG_WARN_EMPTY_BODY = YES;
				CLANG_WARN_ENUM_CONVERSION = YES;
				CLANG_WARN_INFINITE_RECURSION = YES;
				CLANG_WARN_INT_CONVERSION = YES;
				CLANG_WARN_NON_LITERAL_NULL_CONVERSION = YES;
				CLANG_WARN_OBJC_IMPLICIT_RETAIN_SELF = YES;
				CLANG_WARN_OBJC_LITERAL_CONVERSION = YES;
				CLANG_WARN_OBJC_ROOT_CLASS = YES_ERROR;
				CLANG_WARN_QUOTED_INCLUDE_IN_FRAMEWORK_HEADER = YES;
				CLANG_WARN_RANGE_LOOP_ANALYSIS = YES;
				CLANG_WARN_STRICT_PROTOTYPES = YES;
				CLANG_WARN_SUSPICIOUS_MOVE = YES;
				CLANG_WARN_UNGUARDED_AVAILABILITY = YES_AGGRESSIVE;
				CLANG_WARN_UNREACHABLE_CODE = YES;
				CLANG_WARN__DUPLICATE_METHOD_MATCH = YES;
				COPY_PHASE_STRIP = NO;
				DEBUG_INFORMATION_FORMAT = dwarf;
				ENABLE_STRICT_OBJC_MSGSEND = YES;
				ENABLE_TESTABILITY = YES;
				GCC_C_LANGUAGE_STANDARD = gnu11;
				GCC_DYNAMIC_NO_PIC = NO;
				GCC_NO_COMMON_BLOCKS = YES;
				GCC_OPTIMIZATION_LEVEL = 0;
				GCC_PREPROCESSOR_DEFINITIONS = (
					"DEBUG=1",
					"$(inherited)",
				);
				GCC_WARN_64_TO_32_BIT_CONVERSION = YES;
				GCC_WARN_ABOUT_RETURN_TYPE = YES_ERROR;
				GCC_WARN_UNDECLARED_SELECTOR = YES;
				GCC_WARN_UNINITIALIZED_AUTOS = YES_AGGRESSIVE;
				GCC_WARN_UNUSED_FUNCTION = YES;
				GCC_WARN_UNUSED_VARIABLE = YES;
				IPHONEOS_DEPLOYMENT_TARGET = 15.5;
				MTL_ENABLE_DEBUG_INFO = INCLUDE_SOURCE;
				MTL_FAST_MATH = YES;
				ONLY_ACTIVE_ARCH = YES;
				SDKROOT = iphoneos;
				SWIFT_ACTIVE_COMPILATION_CONDITIONS = DEBUG;
				SWIFT_OPTIMIZATION_LEVEL = "-Onone";
			};
			name = Debug;
		};
		619E7A382A5693EE000DD469 /* Release */ = {
			isa = XCBuildConfiguration;
			buildSettings = {
				ALWAYS_SEARCH_USER_PATHS = NO;
				CLANG_ANALYZER_NONNULL = YES;
				CLANG_ANALYZER_NUMBER_OBJECT_CONVERSION = YES_AGGRESSIVE;
				CLANG_CXX_LANGUAGE_STANDARD = "gnu++17";
				CLANG_ENABLE_MODULES = YES;
				CLANG_ENABLE_OBJC_ARC = YES;
				CLANG_ENABLE_OBJC_WEAK = YES;
				CLANG_WARN_BLOCK_CAPTURE_AUTORELEASING = YES;
				CLANG_WARN_BOOL_CONVERSION = YES;
				CLANG_WARN_COMMA = YES;
				CLANG_WARN_CONSTANT_CONVERSION = YES;
				CLANG_WARN_DEPRECATED_OBJC_IMPLEMENTATIONS = YES;
				CLANG_WARN_DIRECT_OBJC_ISA_USAGE = YES_ERROR;
				CLANG_WARN_DOCUMENTATION_COMMENTS = YES;
				CLANG_WARN_EMPTY_BODY = YES;
				CLANG_WARN_ENUM_CONVERSION = YES;
				CLANG_WARN_INFINITE_RECURSION = YES;
				CLANG_WARN_INT_CONVERSION = YES;
				CLANG_WARN_NON_LITERAL_NULL_CONVERSION = YES;
				CLANG_WARN_OBJC_IMPLICIT_RETAIN_SELF = YES;
				CLANG_WARN_OBJC_LITERAL_CONVERSION = YES;
				CLANG_WARN_OBJC_ROOT_CLASS = YES_ERROR;
				CLANG_WARN_QUOTED_INCLUDE_IN_FRAMEWORK_HEADER = YES;
				CLANG_WARN_RANGE_LOOP_ANALYSIS = YES;
				CLANG_WARN_STRICT_PROTOTYPES = YES;
				CLANG_WARN_SUSPICIOUS_MOVE = YES;
				CLANG_WARN_UNGUARDED_AVAILABILITY = YES_AGGRESSIVE;
				CLANG_WARN_UNREACHABLE_CODE = YES;
				CLANG_WARN__DUPLICATE_METHOD_MATCH = YES;
				COPY_PHASE_STRIP = NO;
				DEBUG_INFORMATION_FORMAT = "dwarf-with-dsym";
				ENABLE_NS_ASSERTIONS = NO;
				ENABLE_STRICT_OBJC_MSGSEND = YES;
				GCC_C_LANGUAGE_STANDARD = gnu11;
				GCC_NO_COMMON_BLOCKS = YES;
				GCC_WARN_64_TO_32_BIT_CONVERSION = YES;
				GCC_WARN_ABOUT_RETURN_TYPE = YES_ERROR;
				GCC_WARN_UNDECLARED_SELECTOR = YES;
				GCC_WARN_UNINITIALIZED_AUTOS = YES_AGGRESSIVE;
				GCC_WARN_UNUSED_FUNCTION = YES;
				GCC_WARN_UNUSED_VARIABLE = YES;
				IPHONEOS_DEPLOYMENT_TARGET = 15.5;
				MTL_ENABLE_DEBUG_INFO = NO;
				MTL_FAST_MATH = YES;
				SDKROOT = iphoneos;
				SWIFT_COMPILATION_MODE = wholemodule;
				SWIFT_OPTIMIZATION_LEVEL = "-O";
				VALIDATE_PRODUCT = YES;
			};
			name = Release;
		};
		619E7A3A2A5693EE000DD469 /* Debug */ = {
			isa = XCBuildConfiguration;
			buildSettings = {
				ASSETCATALOG_COMPILER_APPICON_NAME = AppIcon;
				ASSETCATALOG_COMPILER_GLOBAL_ACCENT_COLOR_NAME = AccentColor;
				CODE_SIGN_STYLE = Automatic;
				CURRENT_PROJECT_VERSION = 1;
				DEVELOPMENT_ASSET_PATHS = "\"Scrumdinger/Preview Content\"";
				ENABLE_PREVIEWS = YES;
				GENERATE_INFOPLIST_FILE = YES;
				INFOPLIST_KEY_UIApplicationSceneManifest_Generation = YES;
				INFOPLIST_KEY_UIApplicationSupportsIndirectInputEvents = YES;
				INFOPLIST_KEY_UILaunchScreen_Generation = YES;
				INFOPLIST_KEY_UISupportedInterfaceOrientations_iPad = "UIInterfaceOrientationPortrait UIInterfaceOrientationPortraitUpsideDown UIInterfaceOrientationLandscapeLeft UIInterfaceOrientationLandscapeRight";
				INFOPLIST_KEY_UISupportedInterfaceOrientations_iPhone = "UIInterfaceOrientationPortrait UIInterfaceOrientationLandscapeLeft UIInterfaceOrientationLandscapeRight";
				LD_RUNPATH_SEARCH_PATHS = (
					"$(inherited)",
					"@executable_path/Frameworks",
				);
				MARKETING_VERSION = 1.0;
				PRODUCT_BUNDLE_IDENTIFIER = zerki.Scrumdinger;
				PRODUCT_NAME = "$(TARGET_NAME)";
				SWIFT_EMIT_LOC_STRINGS = YES;
				SWIFT_VERSION = 5.0;
				TARGETED_DEVICE_FAMILY = "1,2";
			};
			name = Debug;
		};
		619E7A3B2A5693EE000DD469 /* Release */ = {
			isa = XCBuildConfiguration;
			buildSettings = {
				ASSETCATALOG_COMPILER_APPICON_NAME = AppIcon;
				ASSETCATALOG_COMPILER_GLOBAL_ACCENT_COLOR_NAME = AccentColor;
				CODE_SIGN_STYLE = Automatic;
				CURRENT_PROJECT_VERSION = 1;
				DEVELOPMENT_ASSET_PATHS = "\"Scrumdinger/Preview Content\"";
				ENABLE_PREVIEWS = YES;
				GENERATE_INFOPLIST_FILE = YES;
				INFOPLIST_KEY_UIApplicationSceneManifest_Generation = YES;
				INFOPLIST_KEY_UIApplicationSupportsIndirectInputEvents = YES;
				INFOPLIST_KEY_UILaunchScreen_Generation = YES;
				INFOPLIST_KEY_UISupportedInterfaceOrientations_iPad = "UIInterfaceOrientationPortrait UIInterfaceOrientationPortraitUpsideDown UIInterfaceOrientationLandscapeLeft UIInterfaceOrientationLandscapeRight";
				INFOPLIST_KEY_UISupportedInterfaceOrientations_iPhone = "UIInterfaceOrientationPortrait UIInterfaceOrientationLandscapeLeft UIInterfaceOrientationLandscapeRight";
				LD_RUNPATH_SEARCH_PATHS = (
					"$(inherited)",
					"@executable_path/Frameworks",
				);
				MARKETING_VERSION = 1.0;
				PRODUCT_BUNDLE_IDENTIFIER = zerki.Scrumdinger;
				PRODUCT_NAME = "$(TARGET_NAME)";
				SWIFT_EMIT_LOC_STRINGS = YES;
				SWIFT_VERSION = 5.0;
				TARGETED_DEVICE_FAMILY = "1,2";
			};
			name = Release;
		};
		619E7A3D2A5693EE000DD469 /* Debug */ = {
			isa = XCBuildConfiguration;
			buildSettings = {
				ALWAYS_EMBED_SWIFT_STANDARD_LIBRARIES = YES;
				BUNDLE_LOADER = "$(TEST_HOST)";
				CODE_SIGN_STYLE = Automatic;
				CURRENT_PROJECT_VERSION = 1;
				GENERATE_INFOPLIST_FILE = YES;
				IPHONEOS_DEPLOYMENT_TARGET = 15.5;
				MARKETING_VERSION = 1.0;
				PRODUCT_BUNDLE_IDENTIFIER = zerki.ScrumdingerTests;
				PRODUCT_NAME = "$(TARGET_NAME)";
				SWIFT_EMIT_LOC_STRINGS = NO;
				SWIFT_VERSION = 5.0;
				TARGETED_DEVICE_FAMILY = "1,2";
				TEST_HOST = "$(BUILT_PRODUCTS_DIR)/Scrumdinger.app/Scrumdinger";
			};
			name = Debug;
		};
		619E7A3E2A5693EE000DD469 /* Release */ = {
			isa = XCBuildConfiguration;
			buildSettings = {
				ALWAYS_EMBED_SWIFT_STANDARD_LIBRARIES = YES;
				BUNDLE_LOADER = "$(TEST_HOST)";
				CODE_SIGN_STYLE = Automatic;
				CURRENT_PROJECT_VERSION = 1;
				GENERATE_INFOPLIST_FILE = YES;
				IPHONEOS_DEPLOYMENT_TARGET = 15.5;
				MARKETING_VERSION = 1.0;
				PRODUCT_BUNDLE_IDENTIFIER = zerki.ScrumdingerTests;
				PRODUCT_NAME = "$(TARGET_NAME)";
				SWIFT_EMIT_LOC_STRINGS = NO;
				SWIFT_VERSION = 5.0;
				TARGETED_DEVICE_FAMILY = "1,2";
				TEST_HOST = "$(BUILT_PRODUCTS_DIR)/Scrumdinger.app/Scrumdinger";
			};
			name = Release;
		};
		619E7A402A5693EE000DD469 /* Debug */ = {
			isa = XCBuildConfiguration;
			buildSettings = {
				ALWAYS_EMBED_SWIFT_STANDARD_LIBRARIES = YES;
				CODE_SIGN_STYLE = Automatic;
				CURRENT_PROJECT_VERSION = 1;
				GENERATE_INFOPLIST_FILE = YES;
				MARKETING_VERSION = 1.0;
				PRODUCT_BUNDLE_IDENTIFIER = zerki.ScrumdingerUITests;
				PRODUCT_NAME = "$(TARGET_NAME)";
				SWIFT_EMIT_LOC_STRINGS = NO;
				SWIFT_VERSION = 5.0;
				TARGETED_DEVICE_FAMILY = "1,2";
				TEST_TARGET_NAME = Scrumdinger;
			};
			name = Debug;
		};
		619E7A412A5693EE000DD469 /* Release */ = {
			isa = XCBuildConfiguration;
			buildSettings = {
				ALWAYS_EMBED_SWIFT_STANDARD_LIBRARIES = YES;
				CODE_SIGN_STYLE = Automatic;
				CURRENT_PROJECT_VERSION = 1;
				GENERATE_INFOPLIST_FILE = YES;
				MARKETING_VERSION = 1.0;
				PRODUCT_BUNDLE_IDENTIFIER = zerki.ScrumdingerUITests;
				PRODUCT_NAME = "$(TARGET_NAME)";
				SWIFT_EMIT_LOC_STRINGS = NO;
				SWIFT_VERSION = 5.0;
				TARGETED_DEVICE_FAMILY = "1,2";
				TEST_TARGET_NAME = Scrumdinger;
			};
			name = Release;
		};
/* End XCBuildConfiguration section */

/* Begin XCConfigurationList section */
		619E7A102A5693E6000DD469 /* Build configuration list for PBXProject "Scrumdinger" */ = {
			isa = XCConfigurationList;
			buildConfigurations = (
				619E7A372A5693EE000DD469 /* Debug */,
				619E7A382A5693EE000DD469 /* Release */,
			);
			defaultConfigurationIsVisible = 0;
			defaultConfigurationName = Release;
		};
		619E7A392A5693EE000DD469 /* Build configuration list for PBXNativeTarget "Scrumdinger" */ = {
			isa = XCConfigurationList;
			buildConfigurations = (
				619E7A3A2A5693EE000DD469 /* Debug */,
				619E7A3B2A5693EE000DD469 /* Release */,
			);
			defaultConfigurationIsVisible = 0;
			defaultConfigurationName = Release;
		};
		619E7A3C2A5693EE000DD469 /* Build configuration list for PBXNativeTarget "ScrumdingerTests" */ = {
			isa = XCConfigurationList;
			buildConfigurations = (
				619E7A3D2A5693EE000DD469 /* Debug */,
				619E7A3E2A5693EE000DD469 /* Release */,
			);
			defaultConfigurationIsVisible = 0;
			defaultConfigurationName = Release;
		};
		619E7A3F2A5693EE000DD469 /* Build configuration list for PBXNativeTarget "ScrumdingerUITests" */ = {
			isa = XCConfigurationList;
			buildConfigurations = (
				619E7A402A5693EE000DD469 /* Debug */,
				619E7A412A5693EE000DD469 /* Release */,
			);
			defaultConfigurationIsVisible = 0;
			defaultConfigurationName = Release;
		};
/* End XCConfigurationList section */
	};
	rootObject = 619E7A0D2A5693E6000DD469 /* Project object */;
}
